
Microsoft Visual Studio Solution File, Format Version 12.00
# Visual Studio Version 17
VisualStudioVersion = 17.13.35507.96
MinimumVisualStudioVersion = 10.0.40219.1
Project("{FAE04EC0-301F-11D3-BF4B-00C04F79EFBC}") = "MyMCPServer.Stdio", "MyMCPServer.Stdio\MyMCPServer.Stdio.csproj", "{AF76181F-12B0-444C-ACCA-F7D15D50481C}"
EndProject
Project("{FAE04EC0-301F-11D3-BF4B-00C04F79EFBC}") = "MyMCPClient.Console", "MyMCPClient.Console\MyMCPClient.Console.csproj", "{EF2ACF5C-26B0-4FE2-92EB-B64693433D4F}"
EndProject
Project("{FAE04EC0-301F-11D3-BF4B-00C04F79EFBC}") = "ModelContextProtocol", "..\mcp-csharp-sdk\src\ModelContextProtocol\ModelContextProtocol.csproj", "{643BD8CA-831E-5482-A1D6-680635AC7E7F}"
EndProject
Project("{FAE04EC0-301F-11D3-BF4B-00C04F79EFBC}") = "MyMCPServer.Sse", "MyMCPServer.Sse\MyMCPServer.Sse.csproj", "{3AF9BE70-2BE2-4C1A-9FED-360B1C24468E}"
EndProject
Project("{FAE04EC0-301F-11D3-BF4B-00C04F79EFBC}") = "ModelContextProtocol.AspNetCore", "..\mcp-csharp-sdk\src\ModelContextProtocol.AspNetCore\ModelContextProtocol.AspNetCore.csproj", "{95BA3F4F-9178-047B-A685-EDF2C0B7CA63}"
EndProject
Project("{FAE04EC0-301F-11D3-BF4B-00C04F79EFBC}") = "OAuthServer", "OAuthServer\OAuthServer.csproj", "{B47AD67C-404B-4370-BEFD-D453D847B750}"
EndProject
Project("{FAE04EC0-301F-11D3-BF4B-00C04F79EFBC}") = "OAuthClient.Web", "OAuthClient.Web\OAuthClient.Web.csproj", "{9ABCB22B-80C0-41E7-95BD-9C6A8B3191A6}"
EndProject
Project("{FAE04EC0-301F-11D3-BF4B-00C04F79EFBC}") = "OAuthClient.Desktop", "OAuthClient.Desktop\OAuthClient.Desktop.csproj", "{2F195D51-8F92-4EED-A728-9C19EB8E36CF}"
EndProject
Project("{FAE04EC0-301F-11D3-BF4B-00C04F79EFBC}") = "MyMCPClient.Web", "MyMCPClient.Web\MyMCPClient.Web.csproj", "{25D522CB-A5E2-45B0-B945-03DEDE38F9CB}"
EndProject
Project("{FAE04EC0-301F-11D3-BF4B-00C04F79EFBC}") = "ModelContextProtocol.Core", "..\mcp-csharp-sdk\src\ModelContextProtocol.Core\ModelContextProtocol.Core.csproj", "{675863AE-0D32-AEA9-1C21-97F6F5020D7D}"
EndProject
Project("{FAE04EC0-301F-11D3-BF4B-00C04F79EFBC}") = "MyMCPServer.Stdio.Cli", "MyMCPServer.Stdio.Cli\MyMCPServer.Stdio.Cli.csproj", "{CB12D8C0-F0F7-49FA-ABD7-DBF6033EB265}"
EndProject
Global
	GlobalSection(SolutionConfigurationPlatforms) = preSolution
		Debug|Any CPU = Debug|Any CPU
		Release|Any CPU = Release|Any CPU
	EndGlobalSection
	GlobalSection(ProjectConfigurationPlatforms) = postSolution
		{AF76181F-12B0-444C-ACCA-F7D15D50481C}.Debug|Any CPU.ActiveCfg = Debug|Any CPU
		{AF76181F-12B0-444C-ACCA-F7D15D50481C}.Debug|Any CPU.Build.0 = Debug|Any CPU
		{AF76181F-12B0-444C-ACCA-F7D15D50481C}.Release|Any CPU.ActiveCfg = Release|Any CPU
		{AF76181F-12B0-444C-ACCA-F7D15D50481C}.Release|Any CPU.Build.0 = Release|Any CPU
		{EF2ACF5C-26B0-4FE2-92EB-B64693433D4F}.Debug|Any CPU.ActiveCfg = Debug|Any CPU
		{EF2ACF5C-26B0-4FE2-92EB-B64693433D4F}.Debug|Any CPU.Build.0 = Debug|Any CPU
		{EF2ACF5C-26B0-4FE2-92EB-B64693433D4F}.Release|Any CPU.ActiveCfg = Release|Any CPU
		{EF2ACF5C-26B0-4FE2-92EB-B64693433D4F}.Release|Any CPU.Build.0 = Release|Any CPU
		{643BD8CA-831E-5482-A1D6-680635AC7E7F}.Debug|Any CPU.ActiveCfg = Debug|Any CPU
		{643BD8CA-831E-5482-A1D6-680635AC7E7F}.Debug|Any CPU.Build.0 = Debug|Any CPU
		{643BD8CA-831E-5482-A1D6-680635AC7E7F}.Release|Any CPU.ActiveCfg = Release|Any CPU
		{643BD8CA-831E-5482-A1D6-680635AC7E7F}.Release|Any CPU.Build.0 = Release|Any CPU
		{3AF9BE70-2BE2-4C1A-9FED-360B1C24468E}.Debug|Any CPU.ActiveCfg = Debug|Any CPU
		{3AF9BE70-2BE2-4C1A-9FED-360B1C24468E}.Debug|Any CPU.Build.0 = Debug|Any CPU
		{3AF9BE70-2BE2-4C1A-9FED-360B1C24468E}.Release|Any CPU.ActiveCfg = Release|Any CPU
		{3AF9BE70-2BE2-4C1A-9FED-360B1C24468E}.Release|Any CPU.Build.0 = Release|Any CPU
		{95BA3F4F-9178-047B-A685-EDF2C0B7CA63}.Debug|Any CPU.ActiveCfg = Debug|Any CPU
		{95BA3F4F-9178-047B-A685-EDF2C0B7CA63}.Debug|Any CPU.Build.0 = Debug|Any CPU
		{95BA3F4F-9178-047B-A685-EDF2C0B7CA63}.Release|Any CPU.ActiveCfg = Release|Any CPU
		{95BA3F4F-9178-047B-A685-EDF2C0B7CA63}.Release|Any CPU.Build.0 = Release|Any CPU
		{B47AD67C-404B-4370-BEFD-D453D847B750}.Debug|Any CPU.ActiveCfg = Debug|Any CPU
		{B47AD67C-404B-4370-BEFD-D453D847B750}.Debug|Any CPU.Build.0 = Debug|Any CPU
		{B47AD67C-404B-4370-BEFD-D453D847B750}.Release|Any CPU.ActiveCfg = Release|Any CPU
		{B47AD67C-404B-4370-BEFD-D453D847B750}.Release|Any CPU.Build.0 = Release|Any CPU
		{9ABCB22B-80C0-41E7-95BD-9C6A8B3191A6}.Debug|Any CPU.ActiveCfg = Debug|Any CPU
		{9ABCB22B-80C0-41E7-95BD-9C6A8B3191A6}.Debug|Any CPU.Build.0 = Debug|Any CPU
		{9ABCB22B-80C0-41E7-95BD-9C6A8B3191A6}.Release|Any CPU.ActiveCfg = Release|Any CPU
		{9ABCB22B-80C0-41E7-95BD-9C6A8B3191A6}.Release|Any CPU.Build.0 = Release|Any CPU
		{2F195D51-8F92-4EED-A728-9C19EB8E36CF}.Debug|Any CPU.ActiveCfg = Debug|Any CPU
		{2F195D51-8F92-4EED-A728-9C19EB8E36CF}.Debug|Any CPU.Build.0 = Debug|Any CPU
		{2F195D51-8F92-4EED-A728-9C19EB8E36CF}.Release|Any CPU.ActiveCfg = Release|Any CPU
		{2F195D51-8F92-4EED-A728-9C19EB8E36CF}.Release|Any CPU.Build.0 = Release|Any CPU
		{25D522CB-A5E2-45B0-B945-03DEDE38F9CB}.Debug|Any CPU.ActiveCfg = Debug|Any CPU
		{25D522CB-A5E2-45B0-B945-03DEDE38F9CB}.Debug|Any CPU.Build.0 = Debug|Any CPU
		{25D522CB-A5E2-45B0-B945-03DEDE38F9CB}.Release|Any CPU.ActiveCfg = Release|Any CPU
		{25D522CB-A5E2-45B0-B945-03DEDE38F9CB}.Release|Any CPU.Build.0 = Release|Any CPU
		{675863AE-0D32-AEA9-1C21-97F6F5020D7D}.Debug|Any CPU.ActiveCfg = Debug|Any CPU
		{675863AE-0D32-AEA9-1C21-97F6F5020D7D}.Debug|Any CPU.Build.0 = Debug|Any CPU
		{675863AE-0D32-AEA9-1C21-97F6F5020D7D}.Release|Any CPU.ActiveCfg = Release|Any CPU
		{675863AE-0D32-AEA9-1C21-97F6F5020D7D}.Release|Any CPU.Build.0 = Release|Any CPU
		{CB12D8C0-F0F7-49FA-ABD7-DBF6033EB265}.Debug|Any CPU.ActiveCfg = Debug|Any CPU
		{CB12D8C0-F0F7-49FA-ABD7-DBF6033EB265}.Debug|Any CPU.Build.0 = Debug|Any CPU
		{CB12D8C0-F0F7-49FA-ABD7-DBF6033EB265}.Release|Any CPU.ActiveCfg = Release|Any CPU
		{CB12D8C0-F0F7-49FA-ABD7-DBF6033EB265}.Release|Any CPU.Build.0 = Release|Any CPU
	EndGlobalSection
	GlobalSection(SolutionProperties) = preSolution
		HideSolutionNode = FALSE
	EndGlobalSection
	GlobalSection(ExtensibilityGlobals) = postSolution
		SolutionGuid = {85E13CAD-EAAB-49E4-A54E-8D871D427D52}
	EndGlobalSection
EndGlobal
